<?xml version="1.0" encoding="utf-8"?>
<Project ToolsVersion="4.0" xmlns="http://schemas.microsoft.com/developer/msbuild/2003">
  <ItemGroup>
    <ClInclude Include="Headers\Algorithms\CollisionAlgo.h" />
    <ClInclude Include="Headers\Algorithms\Physics.h" />
    <ClInclude Include="Tests\ColliderTest.h" />
    <ClInclude Include="Tests\ComponentTest.h" />
    <ClInclude Include="Tests\GraphicsTest.h" />
    <ClInclude Include="Tests\SystemTest.h" />
    <ClInclude Include="Tests\TestBattery.h" />
    <ClInclude Include="Tests\UnitTest.h" />
    <ClInclude Include="Headers\Components\com_Camera.h" />
    <ClInclude Include="Headers\Components\com_Player.h" />
    <ClInclude Include="Headers\Components\com_Texture.h" />
    <ClInclude Include="Headers\Components\com_Transform.h" />
    <ClInclude Include="Headers\ECS\ComponentArray.h" />
    <ClInclude Include="Headers\ECS\ComponentManager.h" />
    <ClInclude Include="Headers\ECS\Coordinator.h" />
    <ClInclude Include="Headers\ECS\EntityManager.h" />
    <ClInclude Include="Headers\ECS\System.h" />
    <ClInclude Include="Headers\ECS\SystemManager.h" />
    <ClInclude Include="Headers\ECS\Types.h" />
    <ClInclude Include="Headers\Graphics\Graphics.h" />
    <ClInclude Include="Headers\Graphics\Model.h" />
    <ClInclude Include="Headers\Graphics\Shader.h" />
    <ClInclude Include="Headers\Graphics\Texture.h" />
    <ClInclude Include="Headers\Systems\sys_Render.h" />
    <ClInclude Include="Headers\Props.h" />
    <ClInclude Include="Headers\Stage.h" />
    <ClInclude Include="Headers\Theatre.h" />
    <ClInclude Include="Headers\Components\com_Physics.h" />
    <ClInclude Include="Headers\Actions.h" />
    <ClInclude Include="Headers\Systems\sys_PlayerControl.h" />
    <ClInclude Include="Headers\Affordance\Action_Qualities.h" />
    <ClInclude Include="Headers\Resource\ResourceManager.h" />
    <ClInclude Include="Tests\ManagerTest.h" />
    <ClInclude Include="Tests\ResourceManagerTest.h" />
    <ClInclude Include="Headers\Systems\sys_Physics.h" />
    <ClInclude Include="Headers\Singleton.h" />
    <ClInclude Include="Headers\Resource\ModelManager.h" />
    <ClInclude Include="Headers\Resource\TextureManager.h" />
    <ClInclude Include="Headers\Resource\ShaderManager.h" />
    <ClInclude Include="Headers\Components\com_Render.h" />
    <ClInclude Include="Headers\Components\Collider.h" />
    <ClInclude Include="Headers\Manager.h" />
    <ClInclude Include="Headers\Systems\SystemsManager.h" />
    <ClInclude Include="Headers\Components\Components.h" />
    <ClInclude Include="Headers\Systems\Systems.h" />
    <ClInclude Include="Headers\AI\Belief.h" />
    <ClInclude Include="Headers\Components\com_Affordance.h" />
    <ClInclude Include="Headers\Prototype\proto_Bush.h" />
    <ClInclude Include="Headers\Prototype\proto_Tree.h" />
    <ClInclude Include="Headers\Prototype\proto_Desk.h" />
    <ClInclude Include="Headers\Prototype\proto_Table.h" />
    <ClInclude Include="Headers\Prototype\proto_OutdoorChair.h" />
    <ClInclude Include="Headers\Prototype\IPrototype.h" />
    <ClInclude Include="Headers\Prototype\proto_Chair.h" />
    <ClInclude Include="Headers\Prototype\proto_Apple.h" />
    <ClInclude Include="Headers\Prototype\proto_RottenApple.h" />
    <ClInclude Include="Headers\Prototype\proto_Tom.h" />
    <ClInclude Include="Headers\Prototype\proto_Dick.h" />
    <ClInclude Include="Headers\Prototype\proto_Harry.h" />
    <ClInclude Include="Headers\Systems\sys_AI.h" />
  </ItemGroup>
  <ItemGroup>
    <ClCompile Include="main.cpp" />
    <ClCompile Include="Tests\ColliderTest.cpp" />
    <ClCompile Include="Tests\ComponentTest.cpp" />
    <ClCompile Include="Tests\GraphicsTest.cpp" />
    <ClCompile Include="Tests\SystemTest.cpp" />
    <ClCompile Include="Source\Algorithm\CollisionAlgo.cpp" />
    <ClCompile Include="Source\Algorithm\Physics.cpp" />
    <ClCompile Include="Source\Components\com_Camera.cpp" />
    <ClCompile Include="Source\Components\com_Player.cpp" />
    <ClCompile Include="Source\Components\com_Texture.cpp" />
    <ClCompile Include="Source\Components\com_Transform.cpp" />
    <ClCompile Include="Source\Graphics\Graphics.cpp" />
    <ClCompile Include="Source\Graphics\Model.cpp" />
    <ClCompile Include="Source\Graphics\Shader.cpp" />
    <ClCompile Include="Source\Graphics\Texture.cpp" />
    <ClCompile Include="Source\Systems\sys_Render.cpp" />
    <ClCompile Include="Source\Props.cpp" />
    <ClCompile Include="Source\Stage.cpp" />
    <ClCompile Include="Source\Theatre.cpp" />
    <ClCompile Include="glad.c" />
    <ClCompile Include="Source\Components\com_Physics.cpp" />
    <ClCompile Include="Source\Systems\sys_PlayerControl.cpp" />
    <ClCompile Include="Source\Resource\ResourceManager.cpp" />
    <ClCompile Include="Tests\ManagerTest.cpp" />
    <ClCompile Include="Tests\ResourceManagerTest.cpp" />
    <ClCompile Include="Source\Systems\sys_Physics.cpp" />
    <ClCompile Include="Source\Resource\ModelManager.cpp" />
    <ClCompile Include="Source\Resource\TextureManager.cpp" />
    <ClCompile Include="Source\Resource\ShaderManager.cpp" />
    <ClCompile Include="Source\Components\com_Render.cpp" />
    <ClCompile Include="Source\Components\Collider.cpp" />
    <ClCompile Include="Source\AI\Belief.cpp" />
    <ClCompile Include="Source\Components\com_Affordance.cpp" />
  </ItemGroup>
</Project>