<?xml version="1.0" encoding="utf-8"?>
<Project ToolsVersion="4.0" xmlns="http://schemas.microsoft.com/developer/msbuild/2003">
  <ItemGroup>
    <Filter Include="Resource Files">
      <UniqueIdentifier>{67DA6AB6-F800-4c08-8B7A-83BB121AAD01}</UniqueIdentifier>
      <Extensions>rc;ico;cur;bmp;dlg;rc2;rct;bin;rgs;gif;jpg;jpeg;jpe;resx;tiff;tif;png;wav;mfcribbon-ms</Extensions>
    </Filter>
    <Filter Include="Components">
      <UniqueIdentifier>{84103801-0982-4222-bfe6-f0994a8070cb}</UniqueIdentifier>
    </Filter>
    <Filter Include="Components\Header">
      <UniqueIdentifier>{649d6c12-3c3f-4aab-a35d-e09e6a98a451}</UniqueIdentifier>
    </Filter>
    <Filter Include="Components\Source">
      <UniqueIdentifier>{e94527e4-275b-41e7-93f4-29a076e2c80d}</UniqueIdentifier>
    </Filter>
    <Filter Include="Systems">
      <UniqueIdentifier>{ef6ff988-59a5-4f64-b4a1-428bbd292750}</UniqueIdentifier>
    </Filter>
    <Filter Include="Systems\Header">
      <UniqueIdentifier>{4e920cd1-48b5-47d8-9148-2162cd162935}</UniqueIdentifier>
    </Filter>
    <Filter Include="Systems\Source">
      <UniqueIdentifier>{701324a9-9043-4996-b80f-4d2746329369}</UniqueIdentifier>
    </Filter>
  </ItemGroup>
  <ItemGroup>
    <ClInclude Include="Box.h">
      <Filter>Components\Header</Filter>
    </ClInclude>
    <ClInclude Include="Camera.h">
      <Filter>Components\Header</Filter>
    </ClInclude>
    <ClInclude Include="Model.h">
      <Filter>Components\Header</Filter>
    </ClInclude>
    <ClInclude Include="Shader.h">
      <Filter>Components\Header</Filter>
    </ClInclude>
    <ClInclude Include="Sphere.h">
      <Filter>Components\Header</Filter>
    </ClInclude>
    <ClInclude Include="Texture.h">
      <Filter>Components\Header</Filter>
    </ClInclude>
    <ClInclude Include="Transform.h">
      <Filter>Components\Header</Filter>
    </ClInclude>
    <ClInclude Include="CollisionDetection.h">
      <Filter>Systems\Header</Filter>
    </ClInclude>
    <ClInclude Include="Render.h">
      <Filter>Systems\Header</Filter>
    </ClInclude>
    <ClInclude Include="Theatre.h" />
  </ItemGroup>
  <ItemGroup>
    <ClCompile Include="Box.cpp">
      <Filter>Components\Source</Filter>
    </ClCompile>
    <ClCompile Include="Camera.cpp">
      <Filter>Components\Source</Filter>
    </ClCompile>
    <ClCompile Include="Model.cpp">
      <Filter>Components\Source</Filter>
    </ClCompile>
    <ClCompile Include="Shader.cpp">
      <Filter>Components\Source</Filter>
    </ClCompile>
    <ClCompile Include="Sphere.cpp">
      <Filter>Components\Source</Filter>
    </ClCompile>
    <ClCompile Include="Texture.cpp">
      <Filter>Components\Source</Filter>
    </ClCompile>
    <ClCompile Include="Transform.cpp">
      <Filter>Components\Source</Filter>
    </ClCompile>
    <ClCompile Include="CollisionDetection.cpp">
      <Filter>Systems\Source</Filter>
    </ClCompile>
    <ClCompile Include="Render.cpp">
      <Filter>Systems\Source</Filter>
    </ClCompile>
    <ClCompile Include="main.cpp" />
    <ClCompile Include="Theatre.cpp" />
  </ItemGroup>
</Project>